
Microsoft Visual Studio Solution File, Format Version 12.00
Project("{FAE04EC0-301F-11D3-BF4B-00C04F79EFBC}") = "IctBaden.Units", "IctBaden.Units\IctBaden.Units.csproj", "{7575FFDE-5722-4094-BC7C-46D006144C8F}"
EndProject
Project("{FAE04EC0-301F-11D3-BF4B-00C04F79EFBC}") = "IctBaden.Units.Test", "IctBaden.Units.Test\IctBaden.Units.Test.csproj", "{AFCFC476-B560-415D-B2A5-1C70D5AB9798}"
EndProject
Project("{2150E333-8FDC-42A3-9474-1A3956D46DE8}") = "docs", "docs", "{52A40B4B-39E4-40A8-ADCA-A6DFF4EE9258}"
ProjectSection(SolutionItems) = preProject
	ReleaseNotes.md = ReleaseNotes.md
	README.md = README.md
EndProjectSection
EndProject
Project("{2150E333-8FDC-42A3-9474-1A3956D46DE8}") = "nuget", "nuget", "{F60F0A9A-6098-4546-B195-D60EC6EB1CC8}"
	ProjectSection(SolutionItems) = preProject
		IctBaden.Units.nuspec = IctBaden.Units.nuspec
	EndProjectSection
EndProject
Global
	GlobalSection(SolutionConfigurationPlatforms) = preSolution
		Debug|Any CPU = Debug|Any CPU
		Release|Any CPU = Release|Any CPU
	EndGlobalSection
	GlobalSection(ProjectConfigurationPlatforms) = postSolution
		{7575FFDE-5722-4094-BC7C-46D006144C8F}.Debug|Any CPU.ActiveCfg = Debug|Any CPU
		{7575FFDE-5722-4094-BC7C-46D006144C8F}.Debug|Any CPU.Build.0 = Debug|Any CPU
		{7575FFDE-5722-4094-BC7C-46D006144C8F}.Release|Any CPU.ActiveCfg = Release|Any CPU
		{7575FFDE-5722-4094-BC7C-46D006144C8F}.Release|Any CPU.Build.0 = Release|Any CPU
		{AFCFC476-B560-415D-B2A5-1C70D5AB9798}.Debug|Any CPU.ActiveCfg = Debug|Any CPU
		{AFCFC476-B560-415D-B2A5-1C70D5AB9798}.Debug|Any CPU.Build.0 = Debug|Any CPU
		{AFCFC476-B560-415D-B2A5-1C70D5AB9798}.Release|Any CPU.ActiveCfg = Release|Any CPU
		{AFCFC476-B560-415D-B2A5-1C70D5AB9798}.Release|Any CPU.Build.0 = Release|Any CPU
	EndGlobalSection
EndGlobal
